// !$*UTF8*$!
{
	archiveVersion = 1;
	classes = {
	};
	objectVersion = 56;
	objects = {

/* Begin PBXBuildFile section */
		D0A544612BC1B97500E7F102 /* AppDelegate.swift in Sources */ = {isa = PBXBuildFile; fileRef = D0A544602BC1B97500E7F102 /* AppDelegate.swift */; };
		D0A544632BC1B97500E7F102 /* SceneDelegate.swift in Sources */ = {isa = PBXBuildFile; fileRef = D0A544622BC1B97500E7F102 /* SceneDelegate.swift */; };
		D0A544652BC1B97500E7F102 /* ViewController.swift in Sources */ = {isa = PBXBuildFile; fileRef = D0A544642BC1B97500E7F102 /* ViewController.swift */; };
		D0A544682BC1B97500E7F102 /* Base in Resources */ = {isa = PBXBuildFile; fileRef = D0A544672BC1B97500E7F102 /* Base */; };
		D0A5446A2BC1B97800E7F102 /* Assets.xcassets in Resources */ = {isa = PBXBuildFile; fileRef = D0A544692BC1B97800E7F102 /* Assets.xcassets */; };
		D0A5446D2BC1B97800E7F102 /* Base in Resources */ = {isa = PBXBuildFile; fileRef = D0A5446C2BC1B97800E7F102 /* Base */; };
		D0A544762BC1BA2400E7F102 /* SnapKit in Frameworks */ = {isa = PBXBuildFile; productRef = D0A544752BC1BA2400E7F102 /* SnapKit */; };
		D0A544782BC1BA2400E7F102 /* SnapKit-Dynamic in Frameworks */ = {isa = PBXBuildFile; productRef = D0A544772BC1BA2400E7F102 /* SnapKit-Dynamic */; };
		D0A544832BC1BCF400E7F102 /* Pretendard-ExtraLight.otf in Resources */ = {isa = PBXBuildFile; fileRef = D0A5447A2BC1BCF300E7F102 /* Pretendard-ExtraLight.otf */; };
		D0A544842BC1BCF400E7F102 /* Pretendard-ExtraBold.otf in Resources */ = {isa = PBXBuildFile; fileRef = D0A5447B2BC1BCF300E7F102 /* Pretendard-ExtraBold.otf */; };
		D0A544852BC1BCF400E7F102 /* Pretendard-SemiBold.otf in Resources */ = {isa = PBXBuildFile; fileRef = D0A5447C2BC1BCF300E7F102 /* Pretendard-SemiBold.otf */; };
		D0A544862BC1BCF400E7F102 /* Pretendard-Thin.otf in Resources */ = {isa = PBXBuildFile; fileRef = D0A5447D2BC1BCF300E7F102 /* Pretendard-Thin.otf */; };
		D0A544872BC1BCF400E7F102 /* Pretendard-Black.otf in Resources */ = {isa = PBXBuildFile; fileRef = D0A5447E2BC1BCF300E7F102 /* Pretendard-Black.otf */; };
		D0A544882BC1BCF400E7F102 /* Pretendard-Regular.otf in Resources */ = {isa = PBXBuildFile; fileRef = D0A5447F2BC1BCF300E7F102 /* Pretendard-Regular.otf */; };
		D0A544892BC1BCF400E7F102 /* Pretendard-Light.otf in Resources */ = {isa = PBXBuildFile; fileRef = D0A544802BC1BCF300E7F102 /* Pretendard-Light.otf */; };
		D0A5448A2BC1BCF400E7F102 /* Pretendard-Medium.otf in Resources */ = {isa = PBXBuildFile; fileRef = D0A544812BC1BCF300E7F102 /* Pretendard-Medium.otf */; };
		D0A5448B2BC1BCF400E7F102 /* Pretendard-Bold.otf in Resources */ = {isa = PBXBuildFile; fileRef = D0A544822BC1BCF300E7F102 /* Pretendard-Bold.otf */; };
		D0A5448E2BC7C26700E7F102 /* UIView+.swift in Sources */ = {isa = PBXBuildFile; fileRef = D0A5448D2BC7C26700E7F102 /* UIView+.swift */; };
/* End PBXBuildFile section */

/* Begin PBXFileReference section */
		D0A5445D2BC1B97500E7F102 /* 34th-Sopt-Assignment.app */ = {isa = PBXFileReference; explicitFileType = wrapper.application; includeInIndex = 0; path = "34th-Sopt-Assignment.app"; sourceTree = BUILT_PRODUCTS_DIR; };
		D0A544602BC1B97500E7F102 /* AppDelegate.swift */ = {isa = PBXFileReference; lastKnownFileType = sourcecode.swift; path = AppDelegate.swift; sourceTree = "<group>"; };
		D0A544622BC1B97500E7F102 /* SceneDelegate.swift */ = {isa = PBXFileReference; lastKnownFileType = sourcecode.swift; path = SceneDelegate.swift; sourceTree = "<group>"; };
		D0A544642BC1B97500E7F102 /* ViewController.swift */ = {isa = PBXFileReference; lastKnownFileType = sourcecode.swift; path = ViewController.swift; sourceTree = "<group>"; };
		D0A544672BC1B97500E7F102 /* Base */ = {isa = PBXFileReference; lastKnownFileType = file.storyboard; name = Base; path = Base.lproj/Main.storyboard; sourceTree = "<group>"; };
		D0A544692BC1B97800E7F102 /* Assets.xcassets */ = {isa = PBXFileReference; lastKnownFileType = folder.assetcatalog; path = Assets.xcassets; sourceTree = "<group>"; };
		D0A5446C2BC1B97800E7F102 /* Base */ = {isa = PBXFileReference; lastKnownFileType = file.storyboard; name = Base; path = Base.lproj/LaunchScreen.storyboard; sourceTree = "<group>"; };
		D0A5446E2BC1B97800E7F102 /* Info.plist */ = {isa = PBXFileReference; lastKnownFileType = text.plist.xml; path = Info.plist; sourceTree = "<group>"; };
		D0A5447A2BC1BCF300E7F102 /* Pretendard-ExtraLight.otf */ = {isa = PBXFileReference; lastKnownFileType = file; path = "Pretendard-ExtraLight.otf"; sourceTree = "<group>"; };
		D0A5447B2BC1BCF300E7F102 /* Pretendard-ExtraBold.otf */ = {isa = PBXFileReference; lastKnownFileType = file; path = "Pretendard-ExtraBold.otf"; sourceTree = "<group>"; };
		D0A5447C2BC1BCF300E7F102 /* Pretendard-SemiBold.otf */ = {isa = PBXFileReference; lastKnownFileType = file; path = "Pretendard-SemiBold.otf"; sourceTree = "<group>"; };
		D0A5447D2BC1BCF300E7F102 /* Pretendard-Thin.otf */ = {isa = PBXFileReference; lastKnownFileType = file; path = "Pretendard-Thin.otf"; sourceTree = "<group>"; };
		D0A5447E2BC1BCF300E7F102 /* Pretendard-Black.otf */ = {isa = PBXFileReference; lastKnownFileType = file; path = "Pretendard-Black.otf"; sourceTree = "<group>"; };
		D0A5447F2BC1BCF300E7F102 /* Pretendard-Regular.otf */ = {isa = PBXFileReference; lastKnownFileType = file; path = "Pretendard-Regular.otf"; sourceTree = "<group>"; };
		D0A544802BC1BCF300E7F102 /* Pretendard-Light.otf */ = {isa = PBXFileReference; lastKnownFileType = file; path = "Pretendard-Light.otf"; sourceTree = "<group>"; };
		D0A544812BC1BCF300E7F102 /* Pretendard-Medium.otf */ = {isa = PBXFileReference; lastKnownFileType = file; path = "Pretendard-Medium.otf"; sourceTree = "<group>"; };
		D0A544822BC1BCF300E7F102 /* Pretendard-Bold.otf */ = {isa = PBXFileReference; lastKnownFileType = file; path = "Pretendard-Bold.otf"; sourceTree = "<group>"; };
		D0A5448D2BC7C26700E7F102 /* UIView+.swift */ = {isa = PBXFileReference; lastKnownFileType = sourcecode.swift; path = "UIView+.swift"; sourceTree = "<group>"; };
/* End PBXFileReference section */

/* Begin PBXFrameworksBuildPhase section */
		D0A5445A2BC1B97500E7F102 /* Frameworks */ = {
			isa = PBXFrameworksBuildPhase;
			buildActionMask = 2147483647;
			files = (
				D0A544762BC1BA2400E7F102 /* SnapKit in Frameworks */,
				D0A544782BC1BA2400E7F102 /* SnapKit-Dynamic in Frameworks */,
			);
			runOnlyForDeploymentPostprocessing = 0;
		};
/* End PBXFrameworksBuildPhase section */

/* Begin PBXGroup section */
		D0A544542BC1B97500E7F102 = {
			isa = PBXGroup;
			children = (
				D0A5445F2BC1B97500E7F102 /* 34th-Sopt-Assignment */,
				D0A5445E2BC1B97500E7F102 /* Products */,
			);
			sourceTree = "<group>";
		};
		D0A5445E2BC1B97500E7F102 /* Products */ = {
			isa = PBXGroup;
			children = (
				D0A5445D2BC1B97500E7F102 /* 34th-Sopt-Assignment.app */,
			);
			name = Products;
			sourceTree = "<group>";
		};
		D0A5445F2BC1B97500E7F102 /* 34th-Sopt-Assignment */ = {
			isa = PBXGroup;
			children = (
				D0A544602BC1B97500E7F102 /* AppDelegate.swift */,
				D0A544622BC1B97500E7F102 /* SceneDelegate.swift */,
				D0A544642BC1B97500E7F102 /* ViewController.swift */,
				D0A544792BC1BCC800E7F102 /* Fonts */,
				D0A5448C2BC7C24000E7F102 /* Extensions */,
				D0A544662BC1B97500E7F102 /* Main.storyboard */,
				D0A544692BC1B97800E7F102 /* Assets.xcassets */,
				D0A5446B2BC1B97800E7F102 /* LaunchScreen.storyboard */,
				D0A5446E2BC1B97800E7F102 /* Info.plist */,
			);
			path = "34th-Sopt-Assignment";
			sourceTree = "<group>";
		};
		D0A544792BC1BCC800E7F102 /* Fonts */ = {
			isa = PBXGroup;
			children = (
				D0A5447E2BC1BCF300E7F102 /* Pretendard-Black.otf */,
				D0A544822BC1BCF300E7F102 /* Pretendard-Bold.otf */,
				D0A5447B2BC1BCF300E7F102 /* Pretendard-ExtraBold.otf */,
				D0A5447A2BC1BCF300E7F102 /* Pretendard-ExtraLight.otf */,
				D0A544802BC1BCF300E7F102 /* Pretendard-Light.otf */,
				D0A544812BC1BCF300E7F102 /* Pretendard-Medium.otf */,
				D0A5447F2BC1BCF300E7F102 /* Pretendard-Regular.otf */,
				D0A5447C2BC1BCF300E7F102 /* Pretendard-SemiBold.otf */,
				D0A5447D2BC1BCF300E7F102 /* Pretendard-Thin.otf */,
			);
			path = Fonts;
			sourceTree = "<group>";
		};
		D0A5448C2BC7C24000E7F102 /* Extensions */ = {
			isa = PBXGroup;
			children = (
				D0A5448D2BC7C26700E7F102 /* UIView+.swift */,
			);
			path = Extensions;
			sourceTree = "<group>";
		};
/* End PBXGroup section */

/* Begin PBXNativeTarget section */
		D0A5445C2BC1B97500E7F102 /* 34th-Sopt-Assignment */ = {
			isa = PBXNativeTarget;
			buildConfigurationList = D0A544712BC1B97800E7F102 /* Build configuration list for PBXNativeTarget "34th-Sopt-Assignment" */;
			buildPhases = (
				D0A544592BC1B97500E7F102 /* Sources */,
				D0A5445A2BC1B97500E7F102 /* Frameworks */,
				D0A5445B2BC1B97500E7F102 /* Resources */,
			);
			buildRules = (
			);
			dependencies = (
			);
			name = "34th-Sopt-Assignment";
			packageProductDependencies = (
				D0A544752BC1BA2400E7F102 /* SnapKit */,
				D0A544772BC1BA2400E7F102 /* SnapKit-Dynamic */,
			);
			productName = "34th-Sopt-Assignment";
			productReference = D0A5445D2BC1B97500E7F102 /* 34th-Sopt-Assignment.app */;
			productType = "com.apple.product-type.application";
		};
/* End PBXNativeTarget section */

/* Begin PBXProject section */
		D0A544552BC1B97500E7F102 /* Project object */ = {
			isa = PBXProject;
			attributes = {
				BuildIndependentTargetsInParallel = 1;
				LastSwiftUpdateCheck = 1530;
				LastUpgradeCheck = 1530;
				TargetAttributes = {
					D0A5445C2BC1B97500E7F102 = {
						CreatedOnToolsVersion = 15.3;
					};
				};
			};
			buildConfigurationList = D0A544582BC1B97500E7F102 /* Build configuration list for PBXProject "34th-Sopt-Assignment" */;
			compatibilityVersion = "Xcode 14.0";
			developmentRegion = en;
			hasScannedForEncodings = 0;
			knownRegions = (
				en,
				Base,
			);
			mainGroup = D0A544542BC1B97500E7F102;
			packageReferences = (
				D0A544742BC1BA2400E7F102 /* XCRemoteSwiftPackageReference "SnapKit" */,
			);
			productRefGroup = D0A5445E2BC1B97500E7F102 /* Products */;
			projectDirPath = "";
			projectRoot = "";
			targets = (
				D0A5445C2BC1B97500E7F102 /* 34th-Sopt-Assignment */,
			);
		};
/* End PBXProject section */

/* Begin PBXResourcesBuildPhase section */
		D0A5445B2BC1B97500E7F102 /* Resources */ = {
			isa = PBXResourcesBuildPhase;
			buildActionMask = 2147483647;
			files = (
				D0A5446A2BC1B97800E7F102 /* Assets.xcassets in Resources */,
				D0A5448B2BC1BCF400E7F102 /* Pretendard-Bold.otf in Resources */,
				D0A5446D2BC1B97800E7F102 /* Base in Resources */,
				D0A544862BC1BCF400E7F102 /* Pretendard-Thin.otf in Resources */,
				D0A544892BC1BCF400E7F102 /* Pretendard-Light.otf in Resources */,
				D0A544842BC1BCF400E7F102 /* Pretendard-ExtraBold.otf in Resources */,
				D0A544882BC1BCF400E7F102 /* Pretendard-Regular.otf in Resources */,
				D0A544852BC1BCF400E7F102 /* Pretendard-SemiBold.otf in Resources */,
				D0A544832BC1BCF400E7F102 /* Pretendard-ExtraLight.otf in Resources */,
				D0A544872BC1BCF400E7F102 /* Pretendard-Black.otf in Resources */,
				D0A544682BC1B97500E7F102 /* Base in Resources */,
				D0A5448A2BC1BCF400E7F102 /* Pretendard-Medium.otf in Resources */,
			);
			runOnlyForDeploymentPostprocessing = 0;
		};
/* End PBXResourcesBuildPhase section */

/* Begin PBXSourcesBuildPhase section */
		D0A544592BC1B97500E7F102 /* Sources */ = {
			isa = PBXSourcesBuildPhase;
			buildActionMask = 2147483647;
			files = (
				D0A5448E2BC7C26700E7F102 /* UIView+.swift in Sources */,
				D0A544652BC1B97500E7F102 /* ViewController.swift in Sources */,
				D0A544612BC1B97500E7F102 /* AppDelegate.swift in Sources */,
				D0A544632BC1B97500E7F102 /* SceneDelegate.swift in Sources */,
			);
			runOnlyForDeploymentPostprocessing = 0;
		};
/* End PBXSourcesBuildPhase section */

/* Begin PBXVariantGroup section */
		D0A544662BC1B97500E7F102 /* Main.storyboard */ = {
			isa = PBXVariantGroup;
			children = (
				D0A544672BC1B97500E7F102 /* Base */,
			);
			name = Main.storyboard;
			sourceTree = "<group>";
		};
		D0A5446B2BC1B97800E7F102 /* LaunchScreen.storyboard */ = {
			isa = PBXVariantGroup;
			children = (
				D0A5446C2BC1B97800E7F102 /* Base */,
			);
			name = LaunchScreen.storyboard;
			sourceTree = "<group>";
		};
/* End PBXVariantGroup section */

/* Begin XCBuildConfiguration section */
		D0A5446F2BC1B97800E7F102 /* Debug */ = {
			isa = XCBuildConfiguration;
			buildSettings = {
				ALWAYS_SEARCH_USER_PATHS = NO;
				ASSETCATALOG_COMPILER_GENERATE_SWIFT_ASSET_SYMBOL_EXTENSIONS = YES;
				CLANG_ANALYZER_NONNULL = YES;
				CLANG_ANALYZER_NUMBER_OBJECT_CONVERSION = YES_AGGRESSIVE;
				CLANG_CXX_LANGUAGE_STANDARD = "gnu++20";
				CLANG_ENABLE_MODULES = YES;
				CLANG_ENABLE_OBJC_ARC = YES;
				CLANG_ENABLE_OBJC_WEAK = YES;
				CLANG_WARN_BLOCK_CAPTURE_AUTORELEASING = YES;
				CLANG_WARN_BOOL_CONVERSION = YES;
				CLANG_WARN_COMMA = YES;
				CLANG_WARN_CONSTANT_CONVERSION = YES;
				CLANG_WARN_DEPRECATED_OBJC_IMPLEMENTATIONS = YES;
				CLANG_WARN_DIRECT_OBJC_ISA_USAGE = YES_ERROR;
				CLANG_WARN_DOCUMENTATION_COMMENTS = YES;
				CLANG_WARN_EMPTY_BODY = YES;
				CLANG_WARN_ENUM_CONVERSION = YES;
				CLANG_WARN_INFINITE_RECURSION = YES;
				CLANG_WARN_INT_CONVERSION = YES;
				CLANG_WARN_NON_LITERAL_NULL_CONVERSION = YES;
				CLANG_WARN_OBJC_IMPLICIT_RETAIN_SELF = YES;
				CLANG_WARN_OBJC_LITERAL_CONVERSION = YES;
				CLANG_WARN_OBJC_ROOT_CLASS = YES_ERROR;
				CLANG_WARN_QUOTED_INCLUDE_IN_FRAMEWORK_HEADER = YES;
				CLANG_WARN_RANGE_LOOP_ANALYSIS = YES;
				CLANG_WARN_STRICT_PROTOTYPES = YES;
				CLANG_WARN_SUSPICIOUS_MOVE = YES;
				CLANG_WARN_UNGUARDED_AVAILABILITY = YES_AGGRESSIVE;
				CLANG_WARN_UNREACHABLE_CODE = YES;
				CLANG_WARN__DUPLICATE_METHOD_MATCH = YES;
				COPY_PHASE_STRIP = NO;
				DEBUG_INFORMATION_FORMAT = dwarf;
				ENABLE_STRICT_OBJC_MSGSEND = YES;
				ENABLE_TESTABILITY = YES;
				ENABLE_USER_SCRIPT_SANDBOXING = YES;
				GCC_C_LANGUAGE_STANDARD = gnu17;
				GCC_DYNAMIC_NO_PIC = NO;
				GCC_NO_COMMON_BLOCKS = YES;
				GCC_OPTIMIZATION_LEVEL = 0;
				GCC_PREPROCESSOR_DEFINITIONS = (
					"DEBUG=1",
					"$(inherited)",
				);
				GCC_WARN_64_TO_32_BIT_CONVERSION = YES;
				GCC_WARN_ABOUT_RETURN_TYPE = YES_ERROR;
				GCC_WARN_UNDECLARED_SELECTOR = YES;
				GCC_WARN_UNINITIALIZED_AUTOS = YES_AGGRESSIVE;
				GCC_WARN_UNUSED_FUNCTION = YES;
				GCC_WARN_UNUSED_VARIABLE = YES;
				IPHONEOS_DEPLOYMENT_TARGET = 17.4;
				LOCALIZATION_PREFERS_STRING_CATALOGS = YES;
				MTL_ENABLE_DEBUG_INFO = INCLUDE_SOURCE;
				MTL_FAST_MATH = YES;
				ONLY_ACTIVE_ARCH = YES;
				SDKROOT = iphoneos;
				SWIFT_ACTIVE_COMPILATION_CONDITIONS = "DEBUG $(inherited)";
				SWIFT_OPTIMIZATION_LEVEL = "-Onone";
			};
			name = Debug;
		};
		D0A544702BC1B97800E7F102 /* Release */ = {
			isa = XCBuildConfiguration;
			buildSettings = {
				ALWAYS_SEARCH_USER_PATHS = NO;
				ASSETCATALOG_COMPILER_GENERATE_SWIFT_ASSET_SYMBOL_EXTENSIONS = YES;
				CLANG_ANALYZER_NONNULL = YES;
				CLANG_ANALYZER_NUMBER_OBJECT_CONVERSION = YES_AGGRESSIVE;
				CLANG_CXX_LANGUAGE_STANDARD = "gnu++20";
				CLANG_ENABLE_MODULES = YES;
				CLANG_ENABLE_OBJC_ARC = YES;
				CLANG_ENABLE_OBJC_WEAK = YES;
				CLANG_WARN_BLOCK_CAPTURE_AUTORELEASING = YES;
				CLANG_WARN_BOOL_CONVERSION = YES;
				CLANG_WARN_COMMA = YES;
				CLANG_WARN_CONSTANT_CONVERSION = YES;
				CLANG_WARN_DEPRECATED_OBJC_IMPLEMENTATIONS = YES;
				CLANG_WARN_DIRECT_OBJC_ISA_USAGE = YES_ERROR;
				CLANG_WARN_DOCUMENTATION_COMMENTS = YES;
				CLANG_WARN_EMPTY_BODY = YES;
				CLANG_WARN_ENUM_CONVERSION = YES;
				CLANG_WARN_INFINITE_RECURSION = YES;
				CLANG_WARN_INT_CONVERSION = YES;
				CLANG_WARN_NON_LITERAL_NULL_CONVERSION = YES;
				CLANG_WARN_OBJC_IMPLICIT_RETAIN_SELF = YES;
				CLANG_WARN_OBJC_LITERAL_CONVERSION = YES;
				CLANG_WARN_OBJC_ROOT_CLASS = YES_ERROR;
				CLANG_WARN_QUOTED_INCLUDE_IN_FRAMEWORK_HEADER = YES;
				CLANG_WARN_RANGE_LOOP_ANALYSIS = YES;
				CLANG_WARN_STRICT_PROTOTYPES = YES;
				CLANG_WARN_SUSPICIOUS_MOVE = YES;
				CLANG_WARN_UNGUARDED_AVAILABILITY = YES_AGGRESSIVE;
				CLANG_WARN_UNREACHABLE_CODE = YES;
				CLANG_WARN__DUPLICATE_METHOD_MATCH = YES;
				COPY_PHASE_STRIP = NO;
				DEBUG_INFORMATION_FORMAT = "dwarf-with-dsym";
				ENABLE_NS_ASSERTIONS = NO;
				ENABLE_STRICT_OBJC_MSGSEND = YES;
				ENABLE_USER_SCRIPT_SANDBOXING = YES;
				GCC_C_LANGUAGE_STANDARD = gnu17;
				GCC_NO_COMMON_BLOCKS = YES;
				GCC_WARN_64_TO_32_BIT_CONVERSION = YES;
				GCC_WARN_ABOUT_RETURN_TYPE = YES_ERROR;
				GCC_WARN_UNDECLARED_SELECTOR = YES;
				GCC_WARN_UNINITIALIZED_AUTOS = YES_AGGRESSIVE;
				GCC_WARN_UNUSED_FUNCTION = YES;
				GCC_WARN_UNUSED_VARIABLE = YES;
				IPHONEOS_DEPLOYMENT_TARGET = 17.4;
				LOCALIZATION_PREFERS_STRING_CATALOGS = YES;
				MTL_ENABLE_DEBUG_INFO = NO;
				MTL_FAST_MATH = YES;
				SDKROOT = iphoneos;
				SWIFT_COMPILATION_MODE = wholemodule;
				VALIDATE_PRODUCT = YES;
			};
			name = Release;
		};
		D0A544722BC1B97800E7F102 /* Debug */ = {
			isa = XCBuildConfiguration;
			buildSettings = {
				ASSETCATALOG_COMPILER_APPICON_NAME = AppIcon;
				ASSETCATALOG_COMPILER_GLOBAL_ACCENT_COLOR_NAME = AccentColor;
				CODE_SIGN_STYLE = Automatic;
				CURRENT_PROJECT_VERSION = 1;
				DEVELOPMENT_TEAM = X395BM5WW7;
				GENERATE_INFOPLIST_FILE = YES;
				INFOPLIST_FILE = "34th-Sopt-Assignment/Info.plist";
				INFOPLIST_KEY_UIApplicationSupportsIndirectInputEvents = YES;
				INFOPLIST_KEY_UILaunchStoryboardName = LaunchScreen;
				INFOPLIST_KEY_UIMainStoryboardFile = Main;
				INFOPLIST_KEY_UISupportedInterfaceOrientations_iPad = "UIInterfaceOrientationPortrait UIInterfaceOrientationPortraitUpsideDown UIInterfaceOrientationLandscapeLeft UIInterfaceOrientationLandscapeRight";
				INFOPLIST_KEY_UISupportedInterfaceOrientations_iPhone = "UIInterfaceOrientationPortrait UIInterfaceOrientationLandscapeLeft UIInterfaceOrientationLandscapeRight";
				LD_RUNPATH_SEARCH_PATHS = (
					"$(inherited)",
					"@executable_path/Frameworks",
				);
				MARKETING_VERSION = 1.0;
				PRODUCT_BUNDLE_IDENTIFIER = "Hyerin.-4th-Sopt-Assignment";
				PRODUCT_NAME = "$(TARGET_NAME)";
				SWIFT_EMIT_LOC_STRINGS = YES;
				SWIFT_VERSION = 5.0;
				TARGETED_DEVICE_FAMILY = "1,2";
			};
			name = Debug;
		};
		D0A544732BC1B97800E7F102 /* Release */ = {
			isa = XCBuildConfiguration;
			buildSettings = {
				ASSETCATALOG_COMPILER_APPICON_NAME = AppIcon;
				ASSETCATALOG_COMPILER_GLOBAL_ACCENT_COLOR_NAME = AccentColor;
				CODE_SIGN_STYLE = Automatic;
				CURRENT_PROJECT_VERSION = 1;
				DEVELOPMENT_TEAM = X395BM5WW7;
				GENERATE_INFOPLIST_FILE = YES;
				INFOPLIST_FILE = "34th-Sopt-Assignment/Info.plist";
				INFOPLIST_KEY_UIApplicationSupportsIndirectInputEvents = YES;
				INFOPLIST_KEY_UILaunchStoryboardName = LaunchScreen;
				INFOPLIST_KEY_UIMainStoryboardFile = Main;
				INFOPLIST_KEY_UISupportedInterfaceOrientations_iPad = "UIInterfaceOrientationPortrait UIInterfaceOrientationPortraitUpsideDown UIInterfaceOrientationLandscapeLeft UIInterfaceOrientationLandscapeRight";
				INFOPLIST_KEY_UISupportedInterfaceOrientations_iPhone = "UIInterfaceOrientationPortrait UIInterfaceOrientationLandscapeLeft UIInterfaceOrientationLandscapeRight";
				LD_RUNPATH_SEARCH_PATHS = (
					"$(inherited)",
					"@executable_path/Frameworks",
				);
				MARKETING_VERSION = 1.0;
				PRODUCT_BUNDLE_IDENTIFIER = "Hyerin.-4th-Sopt-Assignment";
				PRODUCT_NAME = "$(TARGET_NAME)";
				SWIFT_EMIT_LOC_STRINGS = YES;
				SWIFT_VERSION = 5.0;
				TARGETED_DEVICE_FAMILY = "1,2";
			};
			name = Release;
		};
/* End XCBuildConfiguration section */

/* Begin XCConfigurationList section */
		D0A544582BC1B97500E7F102 /* Build configuration list for PBXProject "34th-Sopt-Assignment" */ = {
			isa = XCConfigurationList;
			buildConfigurations = (
				D0A5446F2BC1B97800E7F102 /* Debug */,
				D0A544702BC1B97800E7F102 /* Release */,
			);
			defaultConfigurationIsVisible = 0;
			defaultConfigurationName = Release;
		};
		D0A544712BC1B97800E7F102 /* Build configuration list for PBXNativeTarget "34th-Sopt-Assignment" */ = {
			isa = XCConfigurationList;
			buildConfigurations = (
				D0A544722BC1B97800E7F102 /* Debug */,
				D0A544732BC1B97800E7F102 /* Release */,
			);
			defaultConfigurationIsVisible = 0;
			defaultConfigurationName = Release;
		};
/* End XCConfigurationList section */

/* Begin XCRemoteSwiftPackageReference section */
		D0A544742BC1BA2400E7F102 /* XCRemoteSwiftPackageReference "SnapKit" */ = {
			isa = XCRemoteSwiftPackageReference;
			repositoryURL = "https://github.com/SnapKit/SnapKit.git";
			requirement = {
				kind = upToNextMajorVersion;
				minimumVersion = 5.7.1;
			};
		};
/* End XCRemoteSwiftPackageReference section */

/* Begin XCSwiftPackageProductDependency section */
		D0A544752BC1BA2400E7F102 /* SnapKit */ = {
			isa = XCSwiftPackageProductDependency;
			package = D0A544742BC1BA2400E7F102 /* XCRemoteSwiftPackageReference "SnapKit" */;
			productName = SnapKit;
		};
		D0A544772BC1BA2400E7F102 /* SnapKit-Dynamic */ = {
			isa = XCSwiftPackageProductDependency;
			package = D0A544742BC1BA2400E7F102 /* XCRemoteSwiftPackageReference "SnapKit" */;
			productName = "SnapKit-Dynamic";
		};
/* End XCSwiftPackageProductDependency section */
	};
	rootObject = D0A544552BC1B97500E7F102 /* Project object */;
}
