// !$*UTF8*$!
{
	archiveVersion = 1;
	classes = {
	};
	objectVersion = 56;
	objects = {

/* Begin PBXBuildFile section */
		D00C2BBA2BD170D000CD66D0 /* NickNameModalViewController.swift in Sources */ = {isa = PBXBuildFile; fileRef = D00C2BB92BD170D000CD66D0 /* NickNameModalViewController.swift */; };
		D00E65F12BD86BC100DDC325 /* LoginView.swift in Sources */ = {isa = PBXBuildFile; fileRef = D00E65F02BD86BC100DDC325 /* LoginView.swift */; };
		D00E65F42BD86BED00DDC325 /* Then in Frameworks */ = {isa = PBXBuildFile; productRef = D00E65F32BD86BED00DDC325 /* Then */; };
		D00E65F62BD923DC00DDC325 /* NickNameModalView.swift in Sources */ = {isa = PBXBuildFile; fileRef = D00E65F52BD923DC00DDC325 /* NickNameModalView.swift */; };
		D00E65F82BD92D2100DDC325 /* WelecomeView.swift in Sources */ = {isa = PBXBuildFile; fileRef = D00E65F72BD92D2100DDC325 /* WelecomeView.swift */; };
		D00E65FB2BD9357200DDC325 /* MainView.swift in Sources */ = {isa = PBXBuildFile; fileRef = D00E65FA2BD9357200DDC325 /* MainView.swift */; };
		D00E65FD2BD9358200DDC325 /* MainViewController.swift in Sources */ = {isa = PBXBuildFile; fileRef = D00E65FC2BD9358200DDC325 /* MainViewController.swift */; };
		D00E66022BD97B5D00DDC325 /* TopTabbarCollectionViewCell.swift in Sources */ = {isa = PBXBuildFile; fileRef = D00E66012BD97B5D00DDC325 /* TopTabbarCollectionViewCell.swift */; };
		D039059E2BDAC8E5001E1B41 /* TabViewControllers.swift in Sources */ = {isa = PBXBuildFile; fileRef = D039059D2BDAC8E5001E1B41 /* TabViewControllers.swift */; };
		D03905A12BDADCC2001E1B41 /* HomeView.swift in Sources */ = {isa = PBXBuildFile; fileRef = D03905A02BDADCC2001E1B41 /* HomeView.swift */; };
		D03905A32BDADCD0001E1B41 /* HomeViewContoller.swift in Sources */ = {isa = PBXBuildFile; fileRef = D03905A22BDADCD0001E1B41 /* HomeViewContoller.swift */; };
		D03905A62BDB00FA001E1B41 /* HomeCollectionViewContentCell.swift in Sources */ = {isa = PBXBuildFile; fileRef = D03905A52BDB00FA001E1B41 /* HomeCollectionViewContentCell.swift */; };
		D03905A82BDB01FE001E1B41 /* HomeCollectionViewLiveChannelCell.swift in Sources */ = {isa = PBXBuildFile; fileRef = D03905A72BDB01FD001E1B41 /* HomeCollectionViewLiveChannelCell.swift */; };
		D03905AF2BDB04FF001E1B41 /* ContentModel.swift in Sources */ = {isa = PBXBuildFile; fileRef = D03905AE2BDB04FF001E1B41 /* ContentModel.swift */; };
		D03905B12BDB06E0001E1B41 /* LiveChannelModel.swift in Sources */ = {isa = PBXBuildFile; fileRef = D03905B02BDB06E0001E1B41 /* LiveChannelModel.swift */; };
		D03905B32BDB14F2001E1B41 /* HomeCollectionHeaderView.swift in Sources */ = {isa = PBXBuildFile; fileRef = D03905B22BDB14F2001E1B41 /* HomeCollectionHeaderView.swift */; };
		D03905B52BDB1AA1001E1B41 /* HomeCollectionViewPagingCell.swift in Sources */ = {isa = PBXBuildFile; fileRef = D03905B42BDB1AA1001E1B41 /* HomeCollectionViewPagingCell.swift */; };
		D07799132BCD7AF10016083D /* UIViewController+.swift in Sources */ = {isa = PBXBuildFile; fileRef = D07799122BCD7AF10016083D /* UIViewController+.swift */; };
		D0A544612BC1B97500E7F102 /* AppDelegate.swift in Sources */ = {isa = PBXBuildFile; fileRef = D0A544602BC1B97500E7F102 /* AppDelegate.swift */; };
		D0A544632BC1B97500E7F102 /* SceneDelegate.swift in Sources */ = {isa = PBXBuildFile; fileRef = D0A544622BC1B97500E7F102 /* SceneDelegate.swift */; };
		D0A544652BC1B97500E7F102 /* ViewController.swift in Sources */ = {isa = PBXBuildFile; fileRef = D0A544642BC1B97500E7F102 /* ViewController.swift */; };
		D0A544682BC1B97500E7F102 /* Base in Resources */ = {isa = PBXBuildFile; fileRef = D0A544672BC1B97500E7F102 /* Base */; };
		D0A5446A2BC1B97800E7F102 /* Assets.xcassets in Resources */ = {isa = PBXBuildFile; fileRef = D0A544692BC1B97800E7F102 /* Assets.xcassets */; };
		D0A5446D2BC1B97800E7F102 /* Base in Resources */ = {isa = PBXBuildFile; fileRef = D0A5446C2BC1B97800E7F102 /* Base */; };
		D0A544832BC1BCF400E7F102 /* Pretendard-ExtraLight.otf in Resources */ = {isa = PBXBuildFile; fileRef = D0A5447A2BC1BCF300E7F102 /* Pretendard-ExtraLight.otf */; };
		D0A544842BC1BCF400E7F102 /* Pretendard-ExtraBold.otf in Resources */ = {isa = PBXBuildFile; fileRef = D0A5447B2BC1BCF300E7F102 /* Pretendard-ExtraBold.otf */; };
		D0A544852BC1BCF400E7F102 /* Pretendard-SemiBold.otf in Resources */ = {isa = PBXBuildFile; fileRef = D0A5447C2BC1BCF300E7F102 /* Pretendard-SemiBold.otf */; };
		D0A544862BC1BCF400E7F102 /* Pretendard-Thin.otf in Resources */ = {isa = PBXBuildFile; fileRef = D0A5447D2BC1BCF300E7F102 /* Pretendard-Thin.otf */; };
		D0A544872BC1BCF400E7F102 /* Pretendard-Black.otf in Resources */ = {isa = PBXBuildFile; fileRef = D0A5447E2BC1BCF300E7F102 /* Pretendard-Black.otf */; };
		D0A544882BC1BCF400E7F102 /* Pretendard-Regular.otf in Resources */ = {isa = PBXBuildFile; fileRef = D0A5447F2BC1BCF300E7F102 /* Pretendard-Regular.otf */; };
		D0A544892BC1BCF400E7F102 /* Pretendard-Light.otf in Resources */ = {isa = PBXBuildFile; fileRef = D0A544802BC1BCF300E7F102 /* Pretendard-Light.otf */; };
		D0A5448A2BC1BCF400E7F102 /* Pretendard-Medium.otf in Resources */ = {isa = PBXBuildFile; fileRef = D0A544812BC1BCF300E7F102 /* Pretendard-Medium.otf */; };
		D0A5448B2BC1BCF400E7F102 /* Pretendard-Bold.otf in Resources */ = {isa = PBXBuildFile; fileRef = D0A544822BC1BCF300E7F102 /* Pretendard-Bold.otf */; };
		D0A5448E2BC7C26700E7F102 /* UIView+.swift in Sources */ = {isa = PBXBuildFile; fileRef = D0A5448D2BC7C26700E7F102 /* UIView+.swift */; };
		D0A544912BC7C84900E7F102 /* LoginViewController.swift in Sources */ = {isa = PBXBuildFile; fileRef = D0A544902BC7C84900E7F102 /* LoginViewController.swift */; };
		D0A544932BC7CA6000E7F102 /* UIFont+.swift in Sources */ = {isa = PBXBuildFile; fileRef = D0A544922BC7CA6000E7F102 /* UIFont+.swift */; };
		D0A544952BC7CE1F00E7F102 /* UITextField+.swift in Sources */ = {isa = PBXBuildFile; fileRef = D0A544942BC7CE1E00E7F102 /* UITextField+.swift */; };
		D0A544972BC7D21900E7F102 /* UIButton+.swift in Sources */ = {isa = PBXBuildFile; fileRef = D0A544962BC7D21800E7F102 /* UIButton+.swift */; };
		D0A544992BC7DA0500E7F102 /* UIStackView+.swift in Sources */ = {isa = PBXBuildFile; fileRef = D0A544982BC7DA0500E7F102 /* UIStackView+.swift */; };
		D0A5449F2BCB040C00E7F102 /* WelcomeViewController.swift in Sources */ = {isa = PBXBuildFile; fileRef = D0A5449E2BCB040C00E7F102 /* WelcomeViewController.swift */; };
		D0E6FC8B2BCB1E6E004D7C86 /* SnapKit in Frameworks */ = {isa = PBXBuildFile; productRef = D0E6FC8A2BCB1E6E004D7C86 /* SnapKit */; };
/* End PBXBuildFile section */

/* Begin PBXCopyFilesBuildPhase section */
		D0E6FC882BCB1DE7004D7C86 /* Embed Frameworks */ = {
			isa = PBXCopyFilesBuildPhase;
			buildActionMask = 2147483647;
			dstPath = "";
			dstSubfolderSpec = 10;
			files = (
			);
			name = "Embed Frameworks";
			runOnlyForDeploymentPostprocessing = 0;
		};
/* End PBXCopyFilesBuildPhase section */

/* Begin PBXFileReference section */
		D00C2BB92BD170D000CD66D0 /* NickNameModalViewController.swift */ = {isa = PBXFileReference; lastKnownFileType = sourcecode.swift; path = NickNameModalViewController.swift; sourceTree = "<group>"; };
		D00E65F02BD86BC100DDC325 /* LoginView.swift */ = {isa = PBXFileReference; lastKnownFileType = sourcecode.swift; path = LoginView.swift; sourceTree = "<group>"; };
		D00E65F52BD923DC00DDC325 /* NickNameModalView.swift */ = {isa = PBXFileReference; lastKnownFileType = sourcecode.swift; path = NickNameModalView.swift; sourceTree = "<group>"; };
		D00E65F72BD92D2100DDC325 /* WelecomeView.swift */ = {isa = PBXFileReference; lastKnownFileType = sourcecode.swift; path = WelecomeView.swift; sourceTree = "<group>"; };
		D00E65FA2BD9357200DDC325 /* MainView.swift */ = {isa = PBXFileReference; lastKnownFileType = sourcecode.swift; path = MainView.swift; sourceTree = "<group>"; };
		D00E65FC2BD9358200DDC325 /* MainViewController.swift */ = {isa = PBXFileReference; lastKnownFileType = sourcecode.swift; path = MainViewController.swift; sourceTree = "<group>"; };
		D00E66012BD97B5D00DDC325 /* TopTabbarCollectionViewCell.swift */ = {isa = PBXFileReference; lastKnownFileType = sourcecode.swift; path = TopTabbarCollectionViewCell.swift; sourceTree = "<group>"; };
		D039059D2BDAC8E5001E1B41 /* TabViewControllers.swift */ = {isa = PBXFileReference; lastKnownFileType = sourcecode.swift; path = TabViewControllers.swift; sourceTree = "<group>"; };
		D03905A02BDADCC2001E1B41 /* HomeView.swift */ = {isa = PBXFileReference; lastKnownFileType = sourcecode.swift; path = HomeView.swift; sourceTree = "<group>"; };
		D03905A22BDADCD0001E1B41 /* HomeViewContoller.swift */ = {isa = PBXFileReference; lastKnownFileType = sourcecode.swift; path = HomeViewContoller.swift; sourceTree = "<group>"; };
		D03905A52BDB00FA001E1B41 /* HomeCollectionViewContentCell.swift */ = {isa = PBXFileReference; lastKnownFileType = sourcecode.swift; path = HomeCollectionViewContentCell.swift; sourceTree = "<group>"; };
		D03905A72BDB01FD001E1B41 /* HomeCollectionViewLiveChannelCell.swift */ = {isa = PBXFileReference; lastKnownFileType = sourcecode.swift; path = HomeCollectionViewLiveChannelCell.swift; sourceTree = "<group>"; };
		D03905AE2BDB04FF001E1B41 /* ContentModel.swift */ = {isa = PBXFileReference; lastKnownFileType = sourcecode.swift; path = ContentModel.swift; sourceTree = "<group>"; };
		D03905B02BDB06E0001E1B41 /* LiveChannelModel.swift */ = {isa = PBXFileReference; lastKnownFileType = sourcecode.swift; path = LiveChannelModel.swift; sourceTree = "<group>"; };
		D03905B22BDB14F2001E1B41 /* HomeCollectionHeaderView.swift */ = {isa = PBXFileReference; lastKnownFileType = sourcecode.swift; path = HomeCollectionHeaderView.swift; sourceTree = "<group>"; };
		D03905B42BDB1AA1001E1B41 /* HomeCollectionViewPagingCell.swift */ = {isa = PBXFileReference; lastKnownFileType = sourcecode.swift; path = HomeCollectionViewPagingCell.swift; sourceTree = "<group>"; };
		D07799122BCD7AF10016083D /* UIViewController+.swift */ = {isa = PBXFileReference; lastKnownFileType = sourcecode.swift; path = "UIViewController+.swift"; sourceTree = "<group>"; };
		D0A5445D2BC1B97500E7F102 /* 34th-Sopt-Assignment.app */ = {isa = PBXFileReference; explicitFileType = wrapper.application; includeInIndex = 0; path = "34th-Sopt-Assignment.app"; sourceTree = BUILT_PRODUCTS_DIR; };
		D0A544602BC1B97500E7F102 /* AppDelegate.swift */ = {isa = PBXFileReference; lastKnownFileType = sourcecode.swift; path = AppDelegate.swift; sourceTree = "<group>"; };
		D0A544622BC1B97500E7F102 /* SceneDelegate.swift */ = {isa = PBXFileReference; lastKnownFileType = sourcecode.swift; path = SceneDelegate.swift; sourceTree = "<group>"; };
		D0A544642BC1B97500E7F102 /* ViewController.swift */ = {isa = PBXFileReference; lastKnownFileType = sourcecode.swift; path = ViewController.swift; sourceTree = "<group>"; };
		D0A544672BC1B97500E7F102 /* Base */ = {isa = PBXFileReference; lastKnownFileType = file.storyboard; name = Base; path = Base.lproj/Main.storyboard; sourceTree = "<group>"; };
		D0A544692BC1B97800E7F102 /* Assets.xcassets */ = {isa = PBXFileReference; lastKnownFileType = folder.assetcatalog; path = Assets.xcassets; sourceTree = "<group>"; };
		D0A5446C2BC1B97800E7F102 /* Base */ = {isa = PBXFileReference; lastKnownFileType = file.storyboard; name = Base; path = Base.lproj/LaunchScreen.storyboard; sourceTree = "<group>"; };
		D0A5446E2BC1B97800E7F102 /* Info.plist */ = {isa = PBXFileReference; lastKnownFileType = text.plist.xml; path = Info.plist; sourceTree = "<group>"; };
		D0A5447A2BC1BCF300E7F102 /* Pretendard-ExtraLight.otf */ = {isa = PBXFileReference; lastKnownFileType = file; path = "Pretendard-ExtraLight.otf"; sourceTree = "<group>"; };
		D0A5447B2BC1BCF300E7F102 /* Pretendard-ExtraBold.otf */ = {isa = PBXFileReference; lastKnownFileType = file; path = "Pretendard-ExtraBold.otf"; sourceTree = "<group>"; };
		D0A5447C2BC1BCF300E7F102 /* Pretendard-SemiBold.otf */ = {isa = PBXFileReference; lastKnownFileType = file; path = "Pretendard-SemiBold.otf"; sourceTree = "<group>"; };
		D0A5447D2BC1BCF300E7F102 /* Pretendard-Thin.otf */ = {isa = PBXFileReference; lastKnownFileType = file; path = "Pretendard-Thin.otf"; sourceTree = "<group>"; };
		D0A5447E2BC1BCF300E7F102 /* Pretendard-Black.otf */ = {isa = PBXFileReference; lastKnownFileType = file; path = "Pretendard-Black.otf"; sourceTree = "<group>"; };
		D0A5447F2BC1BCF300E7F102 /* Pretendard-Regular.otf */ = {isa = PBXFileReference; lastKnownFileType = file; path = "Pretendard-Regular.otf"; sourceTree = "<group>"; };
		D0A544802BC1BCF300E7F102 /* Pretendard-Light.otf */ = {isa = PBXFileReference; lastKnownFileType = file; path = "Pretendard-Light.otf"; sourceTree = "<group>"; };
		D0A544812BC1BCF300E7F102 /* Pretendard-Medium.otf */ = {isa = PBXFileReference; lastKnownFileType = file; path = "Pretendard-Medium.otf"; sourceTree = "<group>"; };
		D0A544822BC1BCF300E7F102 /* Pretendard-Bold.otf */ = {isa = PBXFileReference; lastKnownFileType = file; path = "Pretendard-Bold.otf"; sourceTree = "<group>"; };
		D0A5448D2BC7C26700E7F102 /* UIView+.swift */ = {isa = PBXFileReference; lastKnownFileType = sourcecode.swift; path = "UIView+.swift"; sourceTree = "<group>"; };
		D0A544902BC7C84900E7F102 /* LoginViewController.swift */ = {isa = PBXFileReference; lastKnownFileType = sourcecode.swift; path = LoginViewController.swift; sourceTree = "<group>"; };
		D0A544922BC7CA6000E7F102 /* UIFont+.swift */ = {isa = PBXFileReference; lastKnownFileType = sourcecode.swift; path = "UIFont+.swift"; sourceTree = "<group>"; };
		D0A544942BC7CE1E00E7F102 /* UITextField+.swift */ = {isa = PBXFileReference; lastKnownFileType = sourcecode.swift; path = "UITextField+.swift"; sourceTree = "<group>"; };
		D0A544962BC7D21800E7F102 /* UIButton+.swift */ = {isa = PBXFileReference; lastKnownFileType = sourcecode.swift; path = "UIButton+.swift"; sourceTree = "<group>"; };
		D0A544982BC7DA0500E7F102 /* UIStackView+.swift */ = {isa = PBXFileReference; lastKnownFileType = sourcecode.swift; path = "UIStackView+.swift"; sourceTree = "<group>"; };
		D0A5449E2BCB040C00E7F102 /* WelcomeViewController.swift */ = {isa = PBXFileReference; lastKnownFileType = sourcecode.swift; path = WelcomeViewController.swift; sourceTree = "<group>"; };
/* End PBXFileReference section */

/* Begin PBXFrameworksBuildPhase section */
		D0A5445A2BC1B97500E7F102 /* Frameworks */ = {
			isa = PBXFrameworksBuildPhase;
			buildActionMask = 2147483647;
			files = (
				D0E6FC8B2BCB1E6E004D7C86 /* SnapKit in Frameworks */,
				D00E65F42BD86BED00DDC325 /* Then in Frameworks */,
			);
			runOnlyForDeploymentPostprocessing = 0;
		};
/* End PBXFrameworksBuildPhase section */

/* Begin PBXGroup section */
		D00E65D82BD6EA3400DDC325 /* Resources */ = {
			isa = PBXGroup;
			children = (
				D0A544792BC1BCC800E7F102 /* Fonts */,
				D0A544692BC1B97800E7F102 /* Assets.xcassets */,
				D0A544662BC1B97500E7F102 /* Main.storyboard */,
				D0A5446B2BC1B97800E7F102 /* LaunchScreen.storyboard */,
			);
			path = Resources;
			sourceTree = "<group>";
		};
		D00E65D92BD6EA8E00DDC325 /* Application */ = {
			isa = PBXGroup;
			children = (
				D0A544602BC1B97500E7F102 /* AppDelegate.swift */,
				D0A544622BC1B97500E7F102 /* SceneDelegate.swift */,
			);
			path = Application;
			sourceTree = "<group>";
		};
		D00E65DA2BD6EA9E00DDC325 /* Screen */ = {
			isa = PBXGroup;
			children = (
				D0A544642BC1B97500E7F102 /* ViewController.swift */,
				D00E65DC2BD6EADA00DDC325 /* Login */,
				D00E65E02BD6EB5600DDC325 /* NickName */,
				D00E65DD2BD6EAE700DDC325 /* Welcome */,
				D00E65F92BD9355800DDC325 /* Main */,
				D039059F2BDADCA1001E1B41 /* Home */,
			);
			path = Screen;
			sourceTree = "<group>";
		};
		D00E65DB2BD6EAC700DDC325 /* Global */ = {
			isa = PBXGroup;
			children = (
				D0A5448C2BC7C24000E7F102 /* Extensions */,
				D00E65D82BD6EA3400DDC325 /* Resources */,
			);
			path = Global;
			sourceTree = "<group>";
		};
		D00E65DC2BD6EADA00DDC325 /* Login */ = {
			isa = PBXGroup;
			children = (
				D0A544902BC7C84900E7F102 /* LoginViewController.swift */,
				D00E65F02BD86BC100DDC325 /* LoginView.swift */,
			);
			path = Login;
			sourceTree = "<group>";
		};
		D00E65DD2BD6EAE700DDC325 /* Welcome */ = {
			isa = PBXGroup;
			children = (
				D0A5449E2BCB040C00E7F102 /* WelcomeViewController.swift */,
				D00E65F72BD92D2100DDC325 /* WelecomeView.swift */,
			);
			path = Welcome;
			sourceTree = "<group>";
		};
		D00E65E02BD6EB5600DDC325 /* NickName */ = {
			isa = PBXGroup;
			children = (
				D00C2BB92BD170D000CD66D0 /* NickNameModalViewController.swift */,
				D00E65F52BD923DC00DDC325 /* NickNameModalView.swift */,
			);
			path = NickName;
			sourceTree = "<group>";
		};
		D00E65F92BD9355800DDC325 /* Main */ = {
			isa = PBXGroup;
			children = (
				D00E66002BD9772900DDC325 /* TopTabbarCollectionView */,
				D039059D2BDAC8E5001E1B41 /* TabViewControllers.swift */,
				D00E65FA2BD9357200DDC325 /* MainView.swift */,
				D00E65FC2BD9358200DDC325 /* MainViewController.swift */,
			);
			path = Main;
			sourceTree = "<group>";
		};
		D00E66002BD9772900DDC325 /* TopTabbarCollectionView */ = {
			isa = PBXGroup;
			children = (
				D00E66012BD97B5D00DDC325 /* TopTabbarCollectionViewCell.swift */,
			);
			path = TopTabbarCollectionView;
			sourceTree = "<group>";
		};
		D039059F2BDADCA1001E1B41 /* Home */ = {
			isa = PBXGroup;
			children = (
				D03905AB2BDB04D6001E1B41 /* Model */,
				D03905AC2BDB04DC001E1B41 /* View */,
				D03905AD2BDB04E0001E1B41 /* ViewContoller */,
			);
			path = Home;
			sourceTree = "<group>";
		};
		D03905A42BDB00E1001E1B41 /* HomeCollectionView */ = {
			isa = PBXGroup;
			children = (
				D03905A52BDB00FA001E1B41 /* HomeCollectionViewContentCell.swift */,
				D03905A72BDB01FD001E1B41 /* HomeCollectionViewLiveChannelCell.swift */,
				D03905B22BDB14F2001E1B41 /* HomeCollectionHeaderView.swift */,
				D03905B42BDB1AA1001E1B41 /* HomeCollectionViewPagingCell.swift */,
			);
			path = HomeCollectionView;
			sourceTree = "<group>";
		};
		D03905AB2BDB04D6001E1B41 /* Model */ = {
			isa = PBXGroup;
			children = (
				D03905AE2BDB04FF001E1B41 /* ContentModel.swift */,
				D03905B02BDB06E0001E1B41 /* LiveChannelModel.swift */,
			);
			path = Model;
			sourceTree = "<group>";
		};
		D03905AC2BDB04DC001E1B41 /* View */ = {
			isa = PBXGroup;
			children = (
				D03905A42BDB00E1001E1B41 /* HomeCollectionView */,
				D03905A02BDADCC2001E1B41 /* HomeView.swift */,
			);
			path = View;
			sourceTree = "<group>";
		};
		D03905AD2BDB04E0001E1B41 /* ViewContoller */ = {
			isa = PBXGroup;
			children = (
				D03905A22BDADCD0001E1B41 /* HomeViewContoller.swift */,
			);
			path = ViewContoller;
			sourceTree = "<group>";
		};
		D0A544542BC1B97500E7F102 = {
			isa = PBXGroup;
			children = (
				D0A5445F2BC1B97500E7F102 /* 34th-Sopt-Assignment */,
				D0A5445E2BC1B97500E7F102 /* Products */,
			);
			sourceTree = "<group>";
		};
		D0A5445E2BC1B97500E7F102 /* Products */ = {
			isa = PBXGroup;
			children = (
				D0A5445D2BC1B97500E7F102 /* 34th-Sopt-Assignment.app */,
			);
			name = Products;
			sourceTree = "<group>";
		};
		D0A5445F2BC1B97500E7F102 /* 34th-Sopt-Assignment */ = {
			isa = PBXGroup;
			children = (
				D00E65D92BD6EA8E00DDC325 /* Application */,
				D00E65DB2BD6EAC700DDC325 /* Global */,
				D00E65DA2BD6EA9E00DDC325 /* Screen */,
				D0A5446E2BC1B97800E7F102 /* Info.plist */,
			);
			path = "34th-Sopt-Assignment";
			sourceTree = "<group>";
		};
		D0A544792BC1BCC800E7F102 /* Fonts */ = {
			isa = PBXGroup;
			children = (
				D0A5447E2BC1BCF300E7F102 /* Pretendard-Black.otf */,
				D0A544822BC1BCF300E7F102 /* Pretendard-Bold.otf */,
				D0A5447B2BC1BCF300E7F102 /* Pretendard-ExtraBold.otf */,
				D0A5447A2BC1BCF300E7F102 /* Pretendard-ExtraLight.otf */,
				D0A544802BC1BCF300E7F102 /* Pretendard-Light.otf */,
				D0A544812BC1BCF300E7F102 /* Pretendard-Medium.otf */,
				D0A5447F2BC1BCF300E7F102 /* Pretendard-Regular.otf */,
				D0A5447C2BC1BCF300E7F102 /* Pretendard-SemiBold.otf */,
				D0A5447D2BC1BCF300E7F102 /* Pretendard-Thin.otf */,
			);
			path = Fonts;
			sourceTree = "<group>";
		};
		D0A5448C2BC7C24000E7F102 /* Extensions */ = {
			isa = PBXGroup;
			children = (
				D0A5448D2BC7C26700E7F102 /* UIView+.swift */,
				D0A544922BC7CA6000E7F102 /* UIFont+.swift */,
				D0A544942BC7CE1E00E7F102 /* UITextField+.swift */,
				D0A544962BC7D21800E7F102 /* UIButton+.swift */,
				D0A544982BC7DA0500E7F102 /* UIStackView+.swift */,
				D07799122BCD7AF10016083D /* UIViewController+.swift */,
			);
			path = Extensions;
			sourceTree = "<group>";
		};
/* End PBXGroup section */

/* Begin PBXNativeTarget section */
		D0A5445C2BC1B97500E7F102 /* 34th-Sopt-Assignment */ = {
			isa = PBXNativeTarget;
			buildConfigurationList = D0A544712BC1B97800E7F102 /* Build configuration list for PBXNativeTarget "34th-Sopt-Assignment" */;
			buildPhases = (
				D0A544592BC1B97500E7F102 /* Sources */,
				D0A5445A2BC1B97500E7F102 /* Frameworks */,
				D0A5445B2BC1B97500E7F102 /* Resources */,
				D0E6FC882BCB1DE7004D7C86 /* Embed Frameworks */,
			);
			buildRules = (
			);
			dependencies = (
			);
			name = "34th-Sopt-Assignment";
			packageProductDependencies = (
				D0E6FC8A2BCB1E6E004D7C86 /* SnapKit */,
				D00E65F32BD86BED00DDC325 /* Then */,
			);
			productName = "34th-Sopt-Assignment";
			productReference = D0A5445D2BC1B97500E7F102 /* 34th-Sopt-Assignment.app */;
			productType = "com.apple.product-type.application";
		};
/* End PBXNativeTarget section */

/* Begin PBXProject section */
		D0A544552BC1B97500E7F102 /* Project object */ = {
			isa = PBXProject;
			attributes = {
				BuildIndependentTargetsInParallel = 1;
				LastSwiftUpdateCheck = 1530;
				LastUpgradeCheck = 1530;
				TargetAttributes = {
					D0A5445C2BC1B97500E7F102 = {
						CreatedOnToolsVersion = 15.3;
					};
				};
			};
			buildConfigurationList = D0A544582BC1B97500E7F102 /* Build configuration list for PBXProject "34th-Sopt-Assignment" */;
			compatibilityVersion = "Xcode 14.0";
			developmentRegion = en;
			hasScannedForEncodings = 0;
			knownRegions = (
				en,
				Base,
			);
			mainGroup = D0A544542BC1B97500E7F102;
			packageReferences = (
				D0E6FC892BCB1E6E004D7C86 /* XCRemoteSwiftPackageReference "SnapKit" */,
				D00E65F22BD86BED00DDC325 /* XCRemoteSwiftPackageReference "Then" */,
			);
			productRefGroup = D0A5445E2BC1B97500E7F102 /* Products */;
			projectDirPath = "";
			projectRoot = "";
			targets = (
				D0A5445C2BC1B97500E7F102 /* 34th-Sopt-Assignment */,
			);
		};
/* End PBXProject section */

/* Begin PBXResourcesBuildPhase section */
		D0A5445B2BC1B97500E7F102 /* Resources */ = {
			isa = PBXResourcesBuildPhase;
			buildActionMask = 2147483647;
			files = (
				D0A5446A2BC1B97800E7F102 /* Assets.xcassets in Resources */,
				D0A5448B2BC1BCF400E7F102 /* Pretendard-Bold.otf in Resources */,
				D0A5446D2BC1B97800E7F102 /* Base in Resources */,
				D0A544862BC1BCF400E7F102 /* Pretendard-Thin.otf in Resources */,
				D0A544892BC1BCF400E7F102 /* Pretendard-Light.otf in Resources */,
				D0A544842BC1BCF400E7F102 /* Pretendard-ExtraBold.otf in Resources */,
				D0A544882BC1BCF400E7F102 /* Pretendard-Regular.otf in Resources */,
				D0A544852BC1BCF400E7F102 /* Pretendard-SemiBold.otf in Resources */,
				D0A544832BC1BCF400E7F102 /* Pretendard-ExtraLight.otf in Resources */,
				D0A544872BC1BCF400E7F102 /* Pretendard-Black.otf in Resources */,
				D0A544682BC1B97500E7F102 /* Base in Resources */,
				D0A5448A2BC1BCF400E7F102 /* Pretendard-Medium.otf in Resources */,
			);
			runOnlyForDeploymentPostprocessing = 0;
		};
/* End PBXResourcesBuildPhase section */

/* Begin PBXSourcesBuildPhase section */
		D0A544592BC1B97500E7F102 /* Sources */ = {
			isa = PBXSourcesBuildPhase;
			buildActionMask = 2147483647;
			files = (
				D039059E2BDAC8E5001E1B41 /* TabViewControllers.swift in Sources */,
				D0A544912BC7C84900E7F102 /* LoginViewController.swift in Sources */,
				D0A5448E2BC7C26700E7F102 /* UIView+.swift in Sources */,
				D0A544952BC7CE1F00E7F102 /* UITextField+.swift in Sources */,
				D03905B52BDB1AA1001E1B41 /* HomeCollectionViewPagingCell.swift in Sources */,
				D0A5449F2BCB040C00E7F102 /* WelcomeViewController.swift in Sources */,
				D00C2BBA2BD170D000CD66D0 /* NickNameModalViewController.swift in Sources */,
				D00E65F82BD92D2100DDC325 /* WelecomeView.swift in Sources */,
				D0A544652BC1B97500E7F102 /* ViewController.swift in Sources */,
				D00E66022BD97B5D00DDC325 /* TopTabbarCollectionViewCell.swift in Sources */,
				D00E65FD2BD9358200DDC325 /* MainViewController.swift in Sources */,
				D0A544612BC1B97500E7F102 /* AppDelegate.swift in Sources */,
				D0A544932BC7CA6000E7F102 /* UIFont+.swift in Sources */,
				D03905AF2BDB04FF001E1B41 /* ContentModel.swift in Sources */,
				D00E65FB2BD9357200DDC325 /* MainView.swift in Sources */,
				D03905A12BDADCC2001E1B41 /* HomeView.swift in Sources */,
				D0A544632BC1B97500E7F102 /* SceneDelegate.swift in Sources */,
				D07799132BCD7AF10016083D /* UIViewController+.swift in Sources */,
				D00E65F62BD923DC00DDC325 /* NickNameModalView.swift in Sources */,
				D03905B12BDB06E0001E1B41 /* LiveChannelModel.swift in Sources */,
				D03905A62BDB00FA001E1B41 /* HomeCollectionViewContentCell.swift in Sources */,
				D03905B32BDB14F2001E1B41 /* HomeCollectionHeaderView.swift in Sources */,
				D00E65F12BD86BC100DDC325 /* LoginView.swift in Sources */,
				D0A544992BC7DA0500E7F102 /* UIStackView+.swift in Sources */,
				D03905A82BDB01FE001E1B41 /* HomeCollectionViewLiveChannelCell.swift in Sources */,
				D0A544972BC7D21900E7F102 /* UIButton+.swift in Sources */,
				D03905A32BDADCD0001E1B41 /* HomeViewContoller.swift in Sources */,
			);
			runOnlyForDeploymentPostprocessing = 0;
		};
/* End PBXSourcesBuildPhase section */

/* Begin PBXVariantGroup section */
		D0A544662BC1B97500E7F102 /* Main.storyboard */ = {
			isa = PBXVariantGroup;
			children = (
				D0A544672BC1B97500E7F102 /* Base */,
			);
			name = Main.storyboard;
			sourceTree = "<group>";
		};
		D0A5446B2BC1B97800E7F102 /* LaunchScreen.storyboard */ = {
			isa = PBXVariantGroup;
			children = (
				D0A5446C2BC1B97800E7F102 /* Base */,
			);
			name = LaunchScreen.storyboard;
			sourceTree = "<group>";
		};
/* End PBXVariantGroup section */

/* Begin XCBuildConfiguration section */
		D0A5446F2BC1B97800E7F102 /* Debug */ = {
			isa = XCBuildConfiguration;
			buildSettings = {
				ALWAYS_SEARCH_USER_PATHS = NO;
				ASSETCATALOG_COMPILER_GENERATE_SWIFT_ASSET_SYMBOL_EXTENSIONS = YES;
				CLANG_ANALYZER_NONNULL = YES;
				CLANG_ANALYZER_NUMBER_OBJECT_CONVERSION = YES_AGGRESSIVE;
				CLANG_CXX_LANGUAGE_STANDARD = "gnu++20";
				CLANG_ENABLE_MODULES = YES;
				CLANG_ENABLE_OBJC_ARC = YES;
				CLANG_ENABLE_OBJC_WEAK = YES;
				CLANG_WARN_BLOCK_CAPTURE_AUTORELEASING = YES;
				CLANG_WARN_BOOL_CONVERSION = YES;
				CLANG_WARN_COMMA = YES;
				CLANG_WARN_CONSTANT_CONVERSION = YES;
				CLANG_WARN_DEPRECATED_OBJC_IMPLEMENTATIONS = YES;
				CLANG_WARN_DIRECT_OBJC_ISA_USAGE = YES_ERROR;
				CLANG_WARN_DOCUMENTATION_COMMENTS = YES;
				CLANG_WARN_EMPTY_BODY = YES;
				CLANG_WARN_ENUM_CONVERSION = YES;
				CLANG_WARN_INFINITE_RECURSION = YES;
				CLANG_WARN_INT_CONVERSION = YES;
				CLANG_WARN_NON_LITERAL_NULL_CONVERSION = YES;
				CLANG_WARN_OBJC_IMPLICIT_RETAIN_SELF = YES;
				CLANG_WARN_OBJC_LITERAL_CONVERSION = YES;
				CLANG_WARN_OBJC_ROOT_CLASS = YES_ERROR;
				CLANG_WARN_QUOTED_INCLUDE_IN_FRAMEWORK_HEADER = YES;
				CLANG_WARN_RANGE_LOOP_ANALYSIS = YES;
				CLANG_WARN_STRICT_PROTOTYPES = YES;
				CLANG_WARN_SUSPICIOUS_MOVE = YES;
				CLANG_WARN_UNGUARDED_AVAILABILITY = YES_AGGRESSIVE;
				CLANG_WARN_UNREACHABLE_CODE = YES;
				CLANG_WARN__DUPLICATE_METHOD_MATCH = YES;
				COPY_PHASE_STRIP = NO;
				DEBUG_INFORMATION_FORMAT = dwarf;
				ENABLE_STRICT_OBJC_MSGSEND = YES;
				ENABLE_TESTABILITY = YES;
				ENABLE_USER_SCRIPT_SANDBOXING = YES;
				GCC_C_LANGUAGE_STANDARD = gnu17;
				GCC_DYNAMIC_NO_PIC = NO;
				GCC_NO_COMMON_BLOCKS = YES;
				GCC_OPTIMIZATION_LEVEL = 0;
				GCC_PREPROCESSOR_DEFINITIONS = (
					"DEBUG=1",
					"$(inherited)",
				);
				GCC_WARN_64_TO_32_BIT_CONVERSION = YES;
				GCC_WARN_ABOUT_RETURN_TYPE = YES_ERROR;
				GCC_WARN_UNDECLARED_SELECTOR = YES;
				GCC_WARN_UNINITIALIZED_AUTOS = YES_AGGRESSIVE;
				GCC_WARN_UNUSED_FUNCTION = YES;
				GCC_WARN_UNUSED_VARIABLE = YES;
				INFOPLIST_FILE = "";
				IPHONEOS_DEPLOYMENT_TARGET = 17.4;
				LOCALIZATION_PREFERS_STRING_CATALOGS = YES;
				MTL_ENABLE_DEBUG_INFO = INCLUDE_SOURCE;
				MTL_FAST_MATH = YES;
				ONLY_ACTIVE_ARCH = YES;
				SDKROOT = iphoneos;
				SWIFT_ACTIVE_COMPILATION_CONDITIONS = "DEBUG $(inherited)";
				SWIFT_OPTIMIZATION_LEVEL = "-Onone";
			};
			name = Debug;
		};
		D0A544702BC1B97800E7F102 /* Release */ = {
			isa = XCBuildConfiguration;
			buildSettings = {
				ALWAYS_SEARCH_USER_PATHS = NO;
				ASSETCATALOG_COMPILER_GENERATE_SWIFT_ASSET_SYMBOL_EXTENSIONS = YES;
				CLANG_ANALYZER_NONNULL = YES;
				CLANG_ANALYZER_NUMBER_OBJECT_CONVERSION = YES_AGGRESSIVE;
				CLANG_CXX_LANGUAGE_STANDARD = "gnu++20";
				CLANG_ENABLE_MODULES = YES;
				CLANG_ENABLE_OBJC_ARC = YES;
				CLANG_ENABLE_OBJC_WEAK = YES;
				CLANG_WARN_BLOCK_CAPTURE_AUTORELEASING = YES;
				CLANG_WARN_BOOL_CONVERSION = YES;
				CLANG_WARN_COMMA = YES;
				CLANG_WARN_CONSTANT_CONVERSION = YES;
				CLANG_WARN_DEPRECATED_OBJC_IMPLEMENTATIONS = YES;
				CLANG_WARN_DIRECT_OBJC_ISA_USAGE = YES_ERROR;
				CLANG_WARN_DOCUMENTATION_COMMENTS = YES;
				CLANG_WARN_EMPTY_BODY = YES;
				CLANG_WARN_ENUM_CONVERSION = YES;
				CLANG_WARN_INFINITE_RECURSION = YES;
				CLANG_WARN_INT_CONVERSION = YES;
				CLANG_WARN_NON_LITERAL_NULL_CONVERSION = YES;
				CLANG_WARN_OBJC_IMPLICIT_RETAIN_SELF = YES;
				CLANG_WARN_OBJC_LITERAL_CONVERSION = YES;
				CLANG_WARN_OBJC_ROOT_CLASS = YES_ERROR;
				CLANG_WARN_QUOTED_INCLUDE_IN_FRAMEWORK_HEADER = YES;
				CLANG_WARN_RANGE_LOOP_ANALYSIS = YES;
				CLANG_WARN_STRICT_PROTOTYPES = YES;
				CLANG_WARN_SUSPICIOUS_MOVE = YES;
				CLANG_WARN_UNGUARDED_AVAILABILITY = YES_AGGRESSIVE;
				CLANG_WARN_UNREACHABLE_CODE = YES;
				CLANG_WARN__DUPLICATE_METHOD_MATCH = YES;
				COPY_PHASE_STRIP = NO;
				DEBUG_INFORMATION_FORMAT = "dwarf-with-dsym";
				ENABLE_NS_ASSERTIONS = NO;
				ENABLE_STRICT_OBJC_MSGSEND = YES;
				ENABLE_USER_SCRIPT_SANDBOXING = YES;
				GCC_C_LANGUAGE_STANDARD = gnu17;
				GCC_NO_COMMON_BLOCKS = YES;
				GCC_WARN_64_TO_32_BIT_CONVERSION = YES;
				GCC_WARN_ABOUT_RETURN_TYPE = YES_ERROR;
				GCC_WARN_UNDECLARED_SELECTOR = YES;
				GCC_WARN_UNINITIALIZED_AUTOS = YES_AGGRESSIVE;
				GCC_WARN_UNUSED_FUNCTION = YES;
				GCC_WARN_UNUSED_VARIABLE = YES;
				INFOPLIST_FILE = "";
				IPHONEOS_DEPLOYMENT_TARGET = 17.4;
				LOCALIZATION_PREFERS_STRING_CATALOGS = YES;
				MTL_ENABLE_DEBUG_INFO = NO;
				MTL_FAST_MATH = YES;
				SDKROOT = iphoneos;
				SWIFT_COMPILATION_MODE = wholemodule;
				VALIDATE_PRODUCT = YES;
			};
			name = Release;
		};
		D0A544722BC1B97800E7F102 /* Debug */ = {
			isa = XCBuildConfiguration;
			buildSettings = {
				ASSETCATALOG_COMPILER_APPICON_NAME = AppIcon;
				ASSETCATALOG_COMPILER_GLOBAL_ACCENT_COLOR_NAME = AccentColor;
				CODE_SIGN_STYLE = Automatic;
				CURRENT_PROJECT_VERSION = 1;
				DEVELOPMENT_TEAM = X395BM5WW7;
				GENERATE_INFOPLIST_FILE = YES;
				INFOPLIST_FILE = "34th-Sopt-Assignment/Info.plist";
				INFOPLIST_KEY_UIApplicationSupportsIndirectInputEvents = YES;
				INFOPLIST_KEY_UILaunchStoryboardName = LaunchScreen;
				INFOPLIST_KEY_UIMainStoryboardFile = Main;
				INFOPLIST_KEY_UISupportedInterfaceOrientations_iPad = "UIInterfaceOrientationPortrait UIInterfaceOrientationPortraitUpsideDown UIInterfaceOrientationLandscapeLeft UIInterfaceOrientationLandscapeRight";
				INFOPLIST_KEY_UISupportedInterfaceOrientations_iPhone = "UIInterfaceOrientationPortrait UIInterfaceOrientationLandscapeLeft UIInterfaceOrientationLandscapeRight";
				LD_RUNPATH_SEARCH_PATHS = (
					"$(inherited)",
					"@executable_path/Frameworks",
				);
				MARKETING_VERSION = 1.0;
				PRODUCT_BUNDLE_IDENTIFIER = "Hyerin.-4th-Sopt-Assignment";
				PRODUCT_NAME = "$(TARGET_NAME)";
				SWIFT_EMIT_LOC_STRINGS = YES;
				SWIFT_VERSION = 5.0;
				TARGETED_DEVICE_FAMILY = "1,2";
			};
			name = Debug;
		};
		D0A544732BC1B97800E7F102 /* Release */ = {
			isa = XCBuildConfiguration;
			buildSettings = {
				ASSETCATALOG_COMPILER_APPICON_NAME = AppIcon;
				ASSETCATALOG_COMPILER_GLOBAL_ACCENT_COLOR_NAME = AccentColor;
				CODE_SIGN_STYLE = Automatic;
				CURRENT_PROJECT_VERSION = 1;
				DEVELOPMENT_TEAM = X395BM5WW7;
				GENERATE_INFOPLIST_FILE = YES;
				INFOPLIST_FILE = "34th-Sopt-Assignment/Info.plist";
				INFOPLIST_KEY_UIApplicationSupportsIndirectInputEvents = YES;
				INFOPLIST_KEY_UILaunchStoryboardName = LaunchScreen;
				INFOPLIST_KEY_UIMainStoryboardFile = Main;
				INFOPLIST_KEY_UISupportedInterfaceOrientations_iPad = "UIInterfaceOrientationPortrait UIInterfaceOrientationPortraitUpsideDown UIInterfaceOrientationLandscapeLeft UIInterfaceOrientationLandscapeRight";
				INFOPLIST_KEY_UISupportedInterfaceOrientations_iPhone = "UIInterfaceOrientationPortrait UIInterfaceOrientationLandscapeLeft UIInterfaceOrientationLandscapeRight";
				LD_RUNPATH_SEARCH_PATHS = (
					"$(inherited)",
					"@executable_path/Frameworks",
				);
				MARKETING_VERSION = 1.0;
				PRODUCT_BUNDLE_IDENTIFIER = "Hyerin.-4th-Sopt-Assignment";
				PRODUCT_NAME = "$(TARGET_NAME)";
				SWIFT_EMIT_LOC_STRINGS = YES;
				SWIFT_VERSION = 5.0;
				TARGETED_DEVICE_FAMILY = "1,2";
			};
			name = Release;
		};
/* End XCBuildConfiguration section */

/* Begin XCConfigurationList section */
		D0A544582BC1B97500E7F102 /* Build configuration list for PBXProject "34th-Sopt-Assignment" */ = {
			isa = XCConfigurationList;
			buildConfigurations = (
				D0A5446F2BC1B97800E7F102 /* Debug */,
				D0A544702BC1B97800E7F102 /* Release */,
			);
			defaultConfigurationIsVisible = 0;
			defaultConfigurationName = Release;
		};
		D0A544712BC1B97800E7F102 /* Build configuration list for PBXNativeTarget "34th-Sopt-Assignment" */ = {
			isa = XCConfigurationList;
			buildConfigurations = (
				D0A544722BC1B97800E7F102 /* Debug */,
				D0A544732BC1B97800E7F102 /* Release */,
			);
			defaultConfigurationIsVisible = 0;
			defaultConfigurationName = Release;
		};
/* End XCConfigurationList section */

/* Begin XCRemoteSwiftPackageReference section */
		D00E65F22BD86BED00DDC325 /* XCRemoteSwiftPackageReference "Then" */ = {
			isa = XCRemoteSwiftPackageReference;
			repositoryURL = "https://github.com/devxoul/Then";
			requirement = {
				kind = upToNextMajorVersion;
				minimumVersion = 3.0.0;
			};
		};
		D0E6FC892BCB1E6E004D7C86 /* XCRemoteSwiftPackageReference "SnapKit" */ = {
			isa = XCRemoteSwiftPackageReference;
			repositoryURL = "https://github.com/SnapKit/SnapKit.git";
			requirement = {
				kind = upToNextMajorVersion;
				minimumVersion = 5.7.1;
			};
		};
/* End XCRemoteSwiftPackageReference section */

/* Begin XCSwiftPackageProductDependency section */
		D00E65F32BD86BED00DDC325 /* Then */ = {
			isa = XCSwiftPackageProductDependency;
			package = D00E65F22BD86BED00DDC325 /* XCRemoteSwiftPackageReference "Then" */;
			productName = Then;
		};
		D0E6FC8A2BCB1E6E004D7C86 /* SnapKit */ = {
			isa = XCSwiftPackageProductDependency;
			package = D0E6FC892BCB1E6E004D7C86 /* XCRemoteSwiftPackageReference "SnapKit" */;
			productName = SnapKit;
		};
/* End XCSwiftPackageProductDependency section */
	};
	rootObject = D0A544552BC1B97500E7F102 /* Project object */;
}
